{
  "version": 4,
  "terraform_version": "1.1.7",
  "serial": 26,
  "lineage": "c7ad7f63-fc3a-fc5f-55ca-50bcd41798fe",
  "outputs": {},
  "resources": [
    {
      "mode": "managed",
      "type": "google_compute_firewall",
      "name": "health",
      "provider": "provider[\"registry.terraform.io/hashicorp/google\"]",
      "instances": [
        {
          "schema_version": 1,
          "attributes": {
            "allow": [
              {
                "ports": [
                  "10256",
                  "15017"
                ],
                "protocol": "tcp"
              }
            ],
            "creation_timestamp": "2022-04-08T20:09:13.946-07:00",
            "deny": [],
            "description": "{\"kubernetes.io/cluster-id\":\"295bb7add3d7347f\"}",
            "destination_ranges": [],
            "direction": "INGRESS",
            "disabled": false,
            "enable_logging": null,
            "id": "projects/host-staging-10665/global/firewalls/k8s-295bb7add3d7347f-node-http-hc",
            "log_config": [],
            "name": "k8s-295bb7add3d7347f-node-http-hc",
            "network": "https://www.googleapis.com/compute/v1/projects/host-staging-10665/global/networks/main",
            "priority": 1000,
            "project": "host-staging-10665",
            "self_link": "https://www.googleapis.com/compute/v1/projects/host-staging-10665/global/firewalls/k8s-295bb7add3d7347f-node-http-hc",
            "source_ranges": [
              "130.211.0.0/22",
              "209.85.152.0/22",
              "209.85.204.0/22",
              "35.191.0.0/16"
            ],
            "source_service_accounts": [],
            "source_tags": [],
            "target_service_accounts": [],
            "target_tags": [
              "gke-gke-7c384aa9-node"
            ],
            "timeouts": null
          },
          "sensitive_attributes": [],
          "private": "eyJlMmJmYjczMC1lY2FhLTExZTYtOGY4OC0zNDM2M2JjN2M0YzAiOnsiY3JlYXRlIjoyNDAwMDAwMDAwMDAsImRlbGV0ZSI6MjQwMDAwMDAwMDAwLCJ1cGRhdGUiOjI0MDAwMDAwMDAwMH0sInNjaGVtYV92ZXJzaW9uIjoiMSJ9",
          "dependencies": [
            "google_compute_network.main",
            "random_integer.int"
          ]
        }
      ]
    },
    {
      "mode": "managed",
      "type": "google_compute_firewall",
      "name": "lb",
      "provider": "provider[\"registry.terraform.io/hashicorp/google\"]",
      "instances": [
        {
          "schema_version": 1,
          "attributes": {
            "allow": [
              {
                "ports": [
                  "15021",
                  "443",
                  "80",
                  "15017"
                ],
                "protocol": "tcp"
              }
            ],
            "creation_timestamp": "2022-04-08T20:09:13.946-07:00",
            "deny": [],
            "description": "{\"kubernetes.io/service-name\":\"istio-system/istio-ingressgateway\", \"kubernetes.io/service-ip\":\"35.231.175.94\"}",
            "destination_ranges": [],
            "direction": "INGRESS",
            "disabled": false,
            "enable_logging": null,
            "id": "projects/host-staging-10665/global/firewalls/k8s-fw-ab16272a0bd4044f685878bd7dd5aee6",
            "log_config": [],
            "name": "k8s-fw-ab16272a0bd4044f685878bd7dd5aee6",
            "network": "https://www.googleapis.com/compute/v1/projects/host-staging-10665/global/networks/main",
            "priority": 1000,
            "project": "host-staging-10665",
            "self_link": "https://www.googleapis.com/compute/v1/projects/host-staging-10665/global/firewalls/k8s-fw-ab16272a0bd4044f685878bd7dd5aee6",
            "source_ranges": [
              "0.0.0.0/0"
            ],
            "source_service_accounts": [],
            "source_tags": [],
            "target_service_accounts": [],
            "target_tags": [
              "gke-gke-7c384aa9-node"
            ],
            "timeouts": null
          },
          "sensitive_attributes": [],
          "private": "eyJlMmJmYjczMC1lY2FhLTExZTYtOGY4OC0zNDM2M2JjN2M0YzAiOnsiY3JlYXRlIjoyNDAwMDAwMDAwMDAsImRlbGV0ZSI6MjQwMDAwMDAwMDAwLCJ1cGRhdGUiOjI0MDAwMDAwMDAwMH0sInNjaGVtYV92ZXJzaW9uIjoiMSJ9",
          "dependencies": [
            "google_compute_network.main",
            "random_integer.int"
          ]
        }
      ]
    },
    {
      "mode": "managed",
      "type": "google_compute_network",
      "name": "main",
      "provider": "provider[\"registry.terraform.io/hashicorp/google\"]",
      "instances": [
        {
          "schema_version": 0,
          "attributes": {
            "auto_create_subnetworks": false,
            "delete_default_routes_on_create": false,
            "description": "",
            "gateway_ipv4": "",
            "id": "projects/206542515877/global/networks/main",
            "mtu": 1500,
            "name": "main",
            "project": "206542515877",
            "routing_mode": "REGIONAL",
            "self_link": "https://www.googleapis.com/compute/v1/projects/host-staging-10665/global/networks/main",
            "timeouts": null
          },
          "sensitive_attributes": [],
          "private": "eyJlMmJmYjczMC1lY2FhLTExZTYtOGY4OC0zNDM2M2JjN2M0YzAiOnsiY3JlYXRlIjoyNDAwMDAwMDAwMDAsImRlbGV0ZSI6MjQwMDAwMDAwMDAwLCJ1cGRhdGUiOjI0MDAwMDAwMDAwMH19",
          "dependencies": [
            "google_compute_shared_vpc_host_project.host",
            "google_project.host-staging",
            "random_integer.int"
          ]
        }
      ]
    },
    {
      "mode": "managed",
      "type": "google_compute_router",
      "name": "router",
      "provider": "provider[\"registry.terraform.io/hashicorp/google\"]",
      "instances": [
        {
          "schema_version": 0,
          "attributes": {
            "bgp": [],
            "creation_timestamp": "2022-04-08T19:35:59.198-07:00",
            "description": "",
            "id": "projects/host-staging-10665/regions/us-east1/routers/router",
            "name": "router",
            "network": "https://www.googleapis.com/compute/v1/projects/host-staging-10665/global/networks/main",
            "project": "host-staging-10665",
            "region": "us-east1",
            "self_link": "https://www.googleapis.com/compute/v1/projects/host-staging-10665/regions/us-east1/routers/router",
            "timeouts": null
          },
          "sensitive_attributes": [],
          "private": "eyJlMmJmYjczMC1lY2FhLTExZTYtOGY4OC0zNDM2M2JjN2M0YzAiOnsiY3JlYXRlIjoyNDAwMDAwMDAwMDAsImRlbGV0ZSI6MjQwMDAwMDAwMDAwLCJ1cGRhdGUiOjI0MDAwMDAwMDAwMH19",
          "dependencies": [
            "google_compute_network.main",
            "google_compute_shared_vpc_host_project.host",
            "google_project.host-staging",
            "random_integer.int"
          ]
        }
      ]
    },
    {
      "mode": "managed",
      "type": "google_compute_router_nat",
      "name": "mist_nat",
      "provider": "provider[\"registry.terraform.io/hashicorp/google\"]",
      "instances": [
        {
          "schema_version": 0,
          "attributes": {
            "drain_nat_ips": [],
            "enable_endpoint_independent_mapping": true,
            "icmp_idle_timeout_sec": 30,
            "id": "host-staging-10665/us-east1/router/nat",
            "log_config": [],
            "min_ports_per_vm": 0,
            "name": "nat",
            "nat_ip_allocate_option": "AUTO_ONLY",
            "nat_ips": [],
            "project": "host-staging-10665",
            "region": "us-east1",
            "router": "router",
            "source_subnetwork_ip_ranges_to_nat": "ALL_SUBNETWORKS_ALL_IP_RANGES",
            "subnetwork": [],
            "tcp_established_idle_timeout_sec": 1200,
            "tcp_transitory_idle_timeout_sec": 30,
            "timeouts": null,
            "udp_idle_timeout_sec": 30
          },
          "sensitive_attributes": [],
          "private": "eyJlMmJmYjczMC1lY2FhLTExZTYtOGY4OC0zNDM2M2JjN2M0YzAiOnsiY3JlYXRlIjo2MDAwMDAwMDAwMDAsImRlbGV0ZSI6NjAwMDAwMDAwMDAwLCJ1cGRhdGUiOjYwMDAwMDAwMDAwMH19",
          "dependencies": [
            "google_compute_network.main",
            "google_compute_router.router",
            "google_compute_shared_vpc_host_project.host",
            "google_compute_subnetwork.private",
            "google_project.host-staging",
            "random_integer.int"
          ]
        }
      ]
    },
    {
      "mode": "managed",
      "type": "google_compute_shared_vpc_host_project",
      "name": "host",
      "provider": "provider[\"registry.terraform.io/hashicorp/google\"]",
      "instances": [
        {
          "schema_version": 0,
          "attributes": {
            "id": "206542515877",
            "project": "206542515877",
            "timeouts": null
          },
          "sensitive_attributes": [],
          "private": "eyJlMmJmYjczMC1lY2FhLTExZTYtOGY4OC0zNDM2M2JjN2M0YzAiOnsiY3JlYXRlIjoyNDAwMDAwMDAwMDAsImRlbGV0ZSI6MjQwMDAwMDAwMDAwfX0=",
          "dependencies": [
            "google_project.host-staging",
            "random_integer.int"
          ]
        }
      ]
    },
    {
      "mode": "managed",
      "type": "google_compute_shared_vpc_service_project",
      "name": "service",
      "provider": "provider[\"registry.terraform.io/hashicorp/google\"]",
      "instances": [
        {
          "schema_version": 0,
          "attributes": {
            "host_project": "host-staging-10665",
            "id": "host-staging-10665/k8s-staging-10665",
            "service_project": "k8s-staging-10665",
            "timeouts": null
          },
          "sensitive_attributes": [],
          "private": "eyJlMmJmYjczMC1lY2FhLTExZTYtOGY4OC0zNDM2M2JjN2M0YzAiOnsiY3JlYXRlIjoyNDAwMDAwMDAwMDAsImRlbGV0ZSI6MjQwMDAwMDAwMDAwfX0=",
          "dependencies": [
            "google_compute_shared_vpc_host_project.host",
            "google_project.host-staging",
            "random_integer.int"
          ]
        }
      ]
    },
    {
      "mode": "managed",
      "type": "google_compute_subnetwork",
      "name": "private",
      "provider": "provider[\"registry.terraform.io/hashicorp/google\"]",
      "instances": [
        {
          "schema_version": 0,
          "attributes": {
            "creation_timestamp": "2022-04-08T19:35:58.434-07:00",
            "description": "",
            "external_ipv6_prefix": "",
            "fingerprint": null,
            "gateway_address": "10.5.0.1",
            "id": "projects/206542515877/regions/us-east1/subnetworks/private",
            "ip_cidr_range": "10.5.0.0/20",
            "ipv6_access_type": "",
            "ipv6_cidr_range": "",
            "log_config": [],
            "name": "private",
            "network": "https://www.googleapis.com/compute/v1/projects/host-staging-10665/global/networks/main",
            "private_ip_google_access": true,
            "private_ipv6_google_access": "DISABLE_GOOGLE_ACCESS",
            "project": "206542515877",
            "purpose": "PRIVATE",
            "region": "us-east1",
            "role": "",
            "secondary_ip_range": [
              {
                "ip_cidr_range": "10.0.0.0/14",
                "range_name": "pod-ip-range"
              },
              {
                "ip_cidr_range": "10.4.0.0/19",
                "range_name": "services-ip-range"
              }
            ],
            "self_link": "https://www.googleapis.com/compute/v1/projects/host-staging-10665/regions/us-east1/subnetworks/private",
            "stack_type": "IPV4_ONLY",
            "timeouts": null
          },
          "sensitive_attributes": [],
          "private": "eyJlMmJmYjczMC1lY2FhLTExZTYtOGY4OC0zNDM2M2JjN2M0YzAiOnsiY3JlYXRlIjozNjAwMDAwMDAwMDAsImRlbGV0ZSI6MzYwMDAwMDAwMDAwLCJ1cGRhdGUiOjM2MDAwMDAwMDAwMH19",
          "dependencies": [
            "google_compute_network.main",
            "google_compute_shared_vpc_host_project.host",
            "google_project.host-staging",
            "random_integer.int"
          ]
        }
      ]
    },
    {
      "mode": "managed",
      "type": "google_compute_subnetwork_iam_binding",
      "name": "binding",
      "provider": "provider[\"registry.terraform.io/hashicorp/google\"]",
      "instances": [
        {
          "schema_version": 0,
          "attributes": {
            "condition": [],
            "etag": "BwXcL5OLuCs=",
            "id": "projects/206542515877/regions/us-east1/subnetworks/private/roles/compute.networkUser",
            "members": [
              "serviceAccount:604369285908@cloudservices.gserviceaccount.com",
              "serviceAccount:k8s-staging@k8s-staging-10665.iam.gserviceaccount.com",
              "serviceAccount:service-604369285908@container-engine-robot.iam.gserviceaccount.com"
            ],
            "project": "206542515877",
            "region": "us-east1",
            "role": "roles/compute.networkUser",
            "subnetwork": "projects/206542515877/regions/us-east1/subnetworks/private"
          },
          "sensitive_attributes": [],
          "private": "bnVsbA==",
          "dependencies": [
            "google_compute_network.main",
            "google_compute_shared_vpc_host_project.host",
            "google_compute_subnetwork.private",
            "google_project.host-staging",
            "google_project.k8s-staging",
            "google_service_account.k8s-staging",
            "random_integer.int"
          ]
        }
      ]
    },
    {
      "mode": "managed",
      "type": "google_container_cluster",
      "name": "gke",
      "provider": "provider[\"registry.terraform.io/hashicorp/google\"]",
      "instances": [
        {
          "schema_version": 1,
          "attributes": {
            "addons_config": [
              {
                "cloudrun_config": [],
                "horizontal_pod_autoscaling": [],
                "http_load_balancing": [],
                "network_policy_config": [
                  {
                    "disabled": false
                  }
                ]
              }
            ],
            "authenticator_groups_config": [],
            "cluster_autoscaling": [
              {
                "auto_provisioning_defaults": [],
                "enabled": false,
                "resource_limits": []
              }
            ],
            "cluster_ipv4_cidr": "10.0.0.0/14",
            "database_encryption": [
              {
                "key_name": "",
                "state": "DECRYPTED"
              }
            ],
            "datapath_provider": "",
            "default_max_pods_per_node": 110,
            "default_snat_status": [
              {
                "disabled": false
              }
            ],
            "description": "",
            "enable_autopilot": false,
            "enable_binary_authorization": false,
            "enable_intranode_visibility": false,
            "enable_kubernetes_alpha": false,
            "enable_legacy_abac": false,
            "enable_shielded_nodes": false,
            "enable_tpu": false,
            "endpoint": "34.73.223.99",
            "id": "projects/k8s-staging-10665/locations/us-east1/clusters/gke",
            "initial_node_count": 1,
            "instance_group_urls": [
              "https://www.googleapis.com/compute/v1/projects/k8s-staging-10665/zones/us-east1-d/instanceGroups/gke-gke-general-ac6e9930-grp",
              "https://www.googleapis.com/compute/v1/projects/k8s-staging-10665/zones/us-east1-b/instanceGroups/gke-gke-general-660d0e50-grp",
              "https://www.googleapis.com/compute/v1/projects/k8s-staging-10665/zones/us-east1-c/instanceGroups/gke-gke-general-711dc204-grp"
            ],
            "ip_allocation_policy": [
              {
                "cluster_ipv4_cidr_block": "10.0.0.0/14",
                "cluster_secondary_range_name": "pod-ip-range",
                "services_ipv4_cidr_block": "10.4.0.0/19",
                "services_secondary_range_name": "services-ip-range"
              }
            ],
            "label_fingerprint": "a9dc16a7",
            "location": "us-east1",
            "logging_config": [
              {
                "enable_components": [
                  "SYSTEM_COMPONENTS",
                  "WORKLOADS"
                ]
              }
            ],
            "logging_service": "logging.googleapis.com/kubernetes",
            "maintenance_policy": [],
            "master_auth": [
              {
                "client_certificate": "",
                "client_certificate_config": [
                  {
                    "issue_client_certificate": false
                  }
                ],
                "client_key": "",
                "cluster_ca_certificate": "LS0tLS1CRUdJTiBDRVJUSUZJQ0FURS0tLS0tCk1JSUVMVENDQXBXZ0F3SUJBZ0lSQUlUWDdxMCtWVHN2SGg4MXNsekUvRVV3RFFZSktvWklodmNOQVFFTEJRQXcKTHpFdE1Dc0dBMVVFQXhNa1pUa3dOVFJqTW1NdFlqbG1NaTAwTkRsbUxXSmpOVE10TkdRek5qVTJPVFE0TkRnMwpNQ0FYRFRJeU1EUXdPVEF4TXpZeU1Gb1lEekl3TlRJd05EQXhNREl6TmpJd1dqQXZNUzB3S3dZRFZRUURFeVJsCk9UQTFOR015WXkxaU9XWXlMVFEwT1dZdFltTTFNeTAwWkRNMk5UWTVORGcwT0Rjd2dnR2lNQTBHQ1NxR1NJYjMKRFFFQkFRVUFBNElCandBd2dnR0tBb0lCZ1FDLzJLMmNSYjJ5TWltUFVsWjJIQkJBak43YnFKMitEOFdhdGtINApVTWtNVmV1QmduMytTeC9WVHA3S2tWcFNpNXFvK1NtbnpoWDlZZEQ0V3ZRaHVGbk4yNE5BQ3RDeU1QN2FuSnZsCkM3cjVIN1pSdCtoTXBCUWc1SjkyRXVKUXFIWHM3cUpIRE03OFFoRGRaRFVWU2lGeTVMc3plSUNWSzlSUHRxZU8KUFdUMExHK3Q5eENaMWVXL2JTOXlHYmtPM1R2VUhvWGlsdkcwTC91cUZRSDNHOTZEWjMyTHJsT2l4Qnp6UTVxawpuMUIwTm1uNHQvS0lDaThEMkdPRWVISUV6LzEvdFV1QjZQRGlETG15TExZcDdUZFQ2UmEyU1VVM0xicFNKMWF5CjNXUmgvWXBsWlMyZnBieXA5b3E3VkhEQm1aak16Mi9la01TeGNLYkF4eXVYL1NlOEh2Wm5pS3Q4U3NqMW5nVXgKSjdBWk5xTW9xenJsQlRzVUpBV2lZekNMNDRaci9DTGs2Ny81dGd3czYrRnBmby9sc0U5cXNhNzJtTVhqRFBhSwpaWldaUWg4aERxRWcrdVMwemtTekJDc0cwMkV1OE9lS1daWlBJdWp6aVRZaGQ0dGtBenJzaUx4alZZUDJFZWg5CmpWNmk5NVdPekYzZEh5UEp5UkE3SE1td0kwRUNBd0VBQWFOQ01FQXdEZ1lEVlIwUEFRSC9CQVFEQWdJRU1BOEcKQTFVZEV3RUIvd1FGTUFNQkFmOHdIUVlEVlIwT0JCWUVGTjhxODhxUk5nZFpVUnFLU1d4MDBRWUM4SERVTUEwRwpDU3FHU0liM0RRRUJDd1VBQTRJQmdRQmlyQ25jaVAyRzA1bXVQeU5IUG9TbnVrMittRUVCWnhMSkszVHh3TVB4CjlQVjI5VHhDTUdUV2o0RC9KODBFWUs2dit0ZUR2VStYczBUa0lpTkt0UFJxcjJZOGxkekhpT2VydDZjblZiN2EKb1FTZlZ2NlQxZFZmSDNaNFUvUXh4c3FCVE84bDI4cjg5QVJwOFNtcjluWGsxUUhHNkhrTUZyZUpyR0tnN2hiQgo5WnhJQ2Rackg3TngyWnJvcHNRNFBKTWJqN0VHYnJ5Ykc2bjJrTGFJeFNDbmhlMUlnSTcyNk1LOUVqWUVSTXVmCkIza1IyN3NlcHc1QW9lVXpLK3daU1JmY01LTzlCcVVKV3p5UnljOUJaSFBpMDMxb0dtd3kvMFdsRXBNRjBQVDUKYVJMM2xraFRhMDJwdHA5ZTRaVEQyaXpvSjZnbDYvZWc5REJBZjUzQmYrMWJQN0t3bWZ2Z2xZQ054VjJLR3pSeApUTzhNYXg0VjlMVFBuK0NmSnpZaUtKNVNPSnloMWkvOVZsWldud3loZDR0TXNSU1c1b3loVHhEeFc5MDFkeHdOCk16NkFhL2syNFRkNkl0WXZmc0l5Y2RYeisvZWNmR2FkLys1UjZJQjlaRWlRM2tzc3JkdnRVdE85Rm9ROWlCSysKWDVQNi9PdnZBelM5TURtVlBub2RRVWM9Ci0tLS0tRU5EIENFUlRJRklDQVRFLS0tLS0K",
                "password": "",
                "username": ""
              }
            ],
            "master_authorized_networks_config": [],
            "master_version": "1.21.6-gke.1503",
            "min_master_version": null,
            "monitoring_config": [
              {
                "enable_components": [
                  "SYSTEM_COMPONENTS"
                ]
              }
            ],
            "monitoring_service": "monitoring.googleapis.com/kubernetes",
            "name": "gke",
            "network": "projects/host-staging-10665/global/networks/main",
            "network_policy": [
              {
                "enabled": true,
                "provider": ""
              }
            ],
            "networking_mode": "VPC_NATIVE",
            "node_config": [
              {
                "disk_size_gb": 100,
                "disk_type": "pd-standard",
                "guest_accelerator": [],
                "image_type": "COS_CONTAINERD",
                "labels": {
                  "role": "general"
                },
                "local_ssd_count": 0,
                "machine_type": "n2-standard-2",
                "metadata": {
                  "disable-legacy-endpoints": "true"
                },
                "min_cpu_platform": "",
                "oauth_scopes": [
                  "https://www.googleapis.com/auth/cloud-platform"
                ],
                "preemptible": false,
                "service_account": "k8s-staging@k8s-staging-10665.iam.gserviceaccount.com",
                "shielded_instance_config": [
                  {
                    "enable_integrity_monitoring": true,
                    "enable_secure_boot": false
                  }
                ],
                "tags": [],
                "taint": [],
                "workload_metadata_config": [
                  {
                    "mode": "GKE_METADATA",
                    "node_metadata": "GKE_METADATA_SERVER"
                  }
                ]
              }
            ],
            "node_locations": [
              "us-east1-b",
              "us-east1-c",
              "us-east1-d"
            ],
            "node_pool": [
              {
                "autoscaling": [
                  {
                    "max_node_count": 2,
                    "min_node_count": 1
                  }
                ],
                "initial_node_count": 1,
                "instance_group_urls": [
                  "https://www.googleapis.com/compute/v1/projects/k8s-staging-10665/zones/us-east1-d/instanceGroupManagers/gke-gke-general-ac6e9930-grp",
                  "https://www.googleapis.com/compute/v1/projects/k8s-staging-10665/zones/us-east1-b/instanceGroupManagers/gke-gke-general-660d0e50-grp",
                  "https://www.googleapis.com/compute/v1/projects/k8s-staging-10665/zones/us-east1-c/instanceGroupManagers/gke-gke-general-711dc204-grp"
                ],
                "management": [
                  {
                    "auto_repair": true,
                    "auto_upgrade": true
                  }
                ],
                "max_pods_per_node": 110,
                "name": "general",
                "name_prefix": "",
                "node_config": [
                  {
                    "disk_size_gb": 100,
                    "disk_type": "pd-standard",
                    "guest_accelerator": [],
                    "image_type": "COS_CONTAINERD",
                    "labels": {
                      "role": "general"
                    },
                    "local_ssd_count": 0,
                    "machine_type": "n2-standard-2",
                    "metadata": {
                      "disable-legacy-endpoints": "true"
                    },
                    "min_cpu_platform": "",
                    "oauth_scopes": [
                      "https://www.googleapis.com/auth/cloud-platform"
                    ],
                    "preemptible": false,
                    "service_account": "k8s-staging@k8s-staging-10665.iam.gserviceaccount.com",
                    "shielded_instance_config": [
                      {
                        "enable_integrity_monitoring": true,
                        "enable_secure_boot": false
                      }
                    ],
                    "tags": [],
                    "taint": [],
                    "workload_metadata_config": [
                      {
                        "mode": "GKE_METADATA",
                        "node_metadata": "GKE_METADATA_SERVER"
                      }
                    ]
                  }
                ],
                "node_count": 1,
                "node_locations": [
                  "us-east1-b",
                  "us-east1-c",
                  "us-east1-d"
                ],
                "upgrade_settings": [
                  {
                    "max_surge": 1,
                    "max_unavailable": 0
                  }
                ],
                "version": "1.21.6-gke.1503"
              }
            ],
            "node_version": "1.21.6-gke.1503",
            "operation": null,
            "pod_security_policy_config": [],
            "private_cluster_config": [
              {
                "enable_private_endpoint": false,
                "enable_private_nodes": true,
                "master_global_access_config": [
                  {
                    "enabled": false
                  }
                ],
                "master_ipv4_cidr_block": "172.16.0.0/28",
                "peering_name": "gke-nd659011a36c123bc52b-9bb5-bcf7-peer",
                "private_endpoint": "172.16.0.2",
                "public_endpoint": "34.73.223.99"
              }
            ],
            "private_ipv6_google_access": "",
            "project": "k8s-staging-10665",
            "release_channel": [
              {
                "channel": "REGULAR"
              }
            ],
            "remove_default_node_pool": true,
            "resource_labels": {},
            "resource_usage_export_config": [],
            "self_link": "https://container.googleapis.com/v1beta1/projects/k8s-staging-10665/locations/us-east1/clusters/gke",
            "services_ipv4_cidr": "10.4.0.0/19",
            "subnetwork": "projects/host-staging-10665/regions/us-east1/subnetworks/private",
            "timeouts": null,
            "tpu_ipv4_cidr_block": "",
            "vertical_pod_autoscaling": [],
            "workload_identity_config": [
              {
                "identity_namespace": "k8s-staging-10665.svc.id.goog",
                "workload_pool": ""
              }
            ]
          },
          "sensitive_attributes": [],
          "private": "eyJlMmJmYjczMC1lY2FhLTExZTYtOGY4OC0zNDM2M2JjN2M0YzAiOnsiY3JlYXRlIjoyNDAwMDAwMDAwMDAwLCJkZWxldGUiOjI0MDAwMDAwMDAwMDAsInJlYWQiOjI0MDAwMDAwMDAwMDAsInVwZGF0ZSI6MzYwMDAwMDAwMDAwMH0sInNjaGVtYV92ZXJzaW9uIjoiMSJ9",
          "dependencies": [
            "google_compute_network.main",
            "google_compute_shared_vpc_host_project.host",
            "google_compute_subnetwork.private",
            "google_project.host-staging",
            "google_project.k8s-staging",
            "random_integer.int"
          ]
        }
      ]
    },
    {
      "mode": "managed",
      "type": "google_container_node_pool",
      "name": "general",
      "provider": "provider[\"registry.terraform.io/hashicorp/google\"]",
      "instances": [
        {
          "schema_version": 1,
          "attributes": {
            "autoscaling": [
              {
                "max_node_count": 2,
                "min_node_count": 1
              }
            ],
            "cluster": "gke",
            "id": "projects/k8s-staging-10665/locations/us-east1/clusters/gke/nodePools/general",
            "initial_node_count": 1,
            "instance_group_urls": [
              "https://www.googleapis.com/compute/v1/projects/k8s-staging-10665/zones/us-east1-d/instanceGroupManagers/gke-gke-general-ac6e9930-grp",
              "https://www.googleapis.com/compute/v1/projects/k8s-staging-10665/zones/us-east1-b/instanceGroupManagers/gke-gke-general-660d0e50-grp",
              "https://www.googleapis.com/compute/v1/projects/k8s-staging-10665/zones/us-east1-c/instanceGroupManagers/gke-gke-general-711dc204-grp"
            ],
            "location": "us-east1",
            "management": [
              {
                "auto_repair": true,
                "auto_upgrade": true
              }
            ],
            "max_pods_per_node": 110,
            "name": "general",
            "name_prefix": "",
            "node_config": [
              {
                "disk_size_gb": 100,
                "disk_type": "pd-standard",
                "guest_accelerator": [],
                "image_type": "COS_CONTAINERD",
                "labels": {
                  "role": "general"
                },
                "local_ssd_count": 0,
                "machine_type": "n2-standard-2",
                "metadata": {
                  "disable-legacy-endpoints": "true"
                },
                "min_cpu_platform": "",
                "oauth_scopes": [
                  "https://www.googleapis.com/auth/cloud-platform"
                ],
                "preemptible": false,
                "service_account": "k8s-staging@k8s-staging-10665.iam.gserviceaccount.com",
                "shielded_instance_config": [
                  {
                    "enable_integrity_monitoring": true,
                    "enable_secure_boot": false
                  }
                ],
                "tags": [],
                "taint": [],
                "workload_metadata_config": [
                  {
                    "mode": "GKE_METADATA",
                    "node_metadata": "GKE_METADATA_SERVER"
                  }
                ]
              }
            ],
            "node_count": 1,
            "node_locations": [
              "us-east1-b",
              "us-east1-c",
              "us-east1-d"
            ],
            "operation": null,
            "project": "k8s-staging-10665",
            "timeouts": null,
            "upgrade_settings": [
              {
                "max_surge": 1,
                "max_unavailable": 0
              }
            ],
            "version": "1.21.6-gke.1503"
          },
          "sensitive_attributes": [],
          "private": "eyJlMmJmYjczMC1lY2FhLTExZTYtOGY4OC0zNDM2M2JjN2M0YzAiOnsiY3JlYXRlIjoxODAwMDAwMDAwMDAwLCJkZWxldGUiOjE4MDAwMDAwMDAwMDAsInVwZGF0ZSI6MTgwMDAwMDAwMDAwMH0sInNjaGVtYV92ZXJzaW9uIjoiMSJ9",
          "dependencies": [
            "google_compute_network.main",
            "google_compute_shared_vpc_host_project.host",
            "google_compute_subnetwork.private",
            "google_container_cluster.gke",
            "google_project.host-staging",
            "google_project.k8s-staging",
            "google_service_account.k8s-staging",
            "random_integer.int"
          ]
        }
      ]
    },
    {
      "mode": "managed",
      "type": "google_project",
      "name": "host-staging",
      "provider": "provider[\"registry.terraform.io/hashicorp/google\"]",
      "instances": [
        {
          "schema_version": 1,
          "attributes": {
            "auto_create_network": false,
            "billing_account": "01CD6A-C488D7-F57B81",
            "folder_id": "",
            "id": "projects/host-staging-10665",
            "labels": {},
            "name": "host-staging",
            "number": "206542515877",
            "org_id": "239870430087",
            "project_id": "host-staging-10665",
            "skip_delete": null,
            "timeouts": null
          },
          "sensitive_attributes": [],
          "private": "eyJlMmJmYjczMC1lY2FhLTExZTYtOGY4OC0zNDM2M2JjN2M0YzAiOnsiY3JlYXRlIjo2MDAwMDAwMDAwMDAsImRlbGV0ZSI6NjAwMDAwMDAwMDAwLCJyZWFkIjo2MDAwMDAwMDAwMDAsInVwZGF0ZSI6NjAwMDAwMDAwMDAwfSwic2NoZW1hX3ZlcnNpb24iOiIxIn0=",
          "dependencies": [
            "random_integer.int"
          ]
        }
      ]
    },
    {
      "mode": "managed",
      "type": "google_project",
      "name": "k8s-staging",
      "provider": "provider[\"registry.terraform.io/hashicorp/google\"]",
      "instances": [
        {
          "schema_version": 1,
          "attributes": {
            "auto_create_network": false,
            "billing_account": "01CD6A-C488D7-F57B81",
            "folder_id": "",
            "id": "projects/k8s-staging-10665",
            "labels": {},
            "name": "k8s-staging",
            "number": "604369285908",
            "org_id": "239870430087",
            "project_id": "k8s-staging-10665",
            "skip_delete": null,
            "timeouts": null
          },
          "sensitive_attributes": [],
          "private": "eyJlMmJmYjczMC1lY2FhLTExZTYtOGY4OC0zNDM2M2JjN2M0YzAiOnsiY3JlYXRlIjo2MDAwMDAwMDAwMDAsImRlbGV0ZSI6NjAwMDAwMDAwMDAwLCJyZWFkIjo2MDAwMDAwMDAwMDAsInVwZGF0ZSI6NjAwMDAwMDAwMDAwfSwic2NoZW1hX3ZlcnNpb24iOiIxIn0=",
          "dependencies": [
            "random_integer.int"
          ]
        }
      ]
    },
    {
      "mode": "managed",
      "type": "google_project_iam_binding",
      "name": "container-engine",
      "provider": "provider[\"registry.terraform.io/hashicorp/google\"]",
      "instances": [
        {
          "schema_version": 0,
          "attributes": {
            "condition": [],
            "etag": "BwXcL5I8zNA=",
            "id": "206542515877/roles/container.hostServiceAgentUser",
            "members": [
              "serviceAccount:service-604369285908@container-engine-robot.iam.gserviceaccount.com"
            ],
            "project": "206542515877",
            "role": "roles/container.hostServiceAgentUser"
          },
          "sensitive_attributes": [],
          "private": "bnVsbA==",
          "dependencies": [
            "google_compute_shared_vpc_host_project.host",
            "google_project.host-staging",
            "google_project.k8s-staging",
            "google_project_service.service",
            "random_integer.int"
          ]
        }
      ]
    },
    {
      "mode": "managed",
      "type": "google_project_service",
      "name": "host",
      "provider": "provider[\"registry.terraform.io/hashicorp/google\"]",
      "instances": [
        {
          "schema_version": 0,
          "attributes": {
            "disable_dependent_services": null,
            "disable_on_destroy": true,
            "id": "206542515877/container.googleapis.com",
            "project": "206542515877",
            "service": "container.googleapis.com",
            "timeouts": null
          },
          "sensitive_attributes": [],
          "private": "eyJlMmJmYjczMC1lY2FhLTExZTYtOGY4OC0zNDM2M2JjN2M0YzAiOnsiY3JlYXRlIjoxMjAwMDAwMDAwMDAwLCJkZWxldGUiOjEyMDAwMDAwMDAwMDAsInJlYWQiOjYwMDAwMDAwMDAwMCwidXBkYXRlIjoxMjAwMDAwMDAwMDAwfX0=",
          "dependencies": [
            "google_project.host-staging",
            "random_integer.int"
          ]
        }
      ]
    },
    {
      "mode": "managed",
      "type": "google_project_service",
      "name": "service",
      "provider": "provider[\"registry.terraform.io/hashicorp/google\"]",
      "instances": [
        {
          "schema_version": 0,
          "attributes": {
            "disable_dependent_services": null,
            "disable_on_destroy": true,
            "id": "604369285908/container.googleapis.com",
            "project": "604369285908",
            "service": "container.googleapis.com",
            "timeouts": null
          },
          "sensitive_attributes": [],
          "private": "eyJlMmJmYjczMC1lY2FhLTExZTYtOGY4OC0zNDM2M2JjN2M0YzAiOnsiY3JlYXRlIjoxMjAwMDAwMDAwMDAwLCJkZWxldGUiOjEyMDAwMDAwMDAwMDAsInJlYWQiOjYwMDAwMDAwMDAwMCwidXBkYXRlIjoxMjAwMDAwMDAwMDAwfX0=",
          "dependencies": [
            "google_project.k8s-staging",
            "random_integer.int"
          ]
        }
      ]
    },
    {
      "mode": "managed",
      "type": "google_service_account",
      "name": "k8s-staging",
      "provider": "provider[\"registry.terraform.io/hashicorp/google\"]",
      "instances": [
        {
          "schema_version": 0,
          "attributes": {
            "account_id": "k8s-staging",
            "description": "",
            "disabled": false,
            "display_name": "",
            "email": "k8s-staging@k8s-staging-10665.iam.gserviceaccount.com",
            "id": "projects/k8s-staging-10665/serviceAccounts/k8s-staging@k8s-staging-10665.iam.gserviceaccount.com",
            "name": "projects/k8s-staging-10665/serviceAccounts/k8s-staging@k8s-staging-10665.iam.gserviceaccount.com",
            "project": "k8s-staging-10665",
            "timeouts": null,
            "unique_id": "107650693219518700853"
          },
          "sensitive_attributes": [],
          "private": "eyJlMmJmYjczMC1lY2FhLTExZTYtOGY4OC0zNDM2M2JjN2M0YzAiOnsiY3JlYXRlIjozMDAwMDAwMDAwMDB9fQ==",
          "dependencies": [
            "google_project.k8s-staging",
            "random_integer.int"
          ]
        }
      ]
    },
    {
      "mode": "managed",
      "type": "random_integer",
      "name": "int",
      "provider": "provider[\"registry.terraform.io/hashicorp/random\"]",
      "instances": [
        {
          "schema_version": 0,
          "attributes": {
            "id": "10665",
            "keepers": null,
            "max": 1000000,
            "min": 2,
            "result": 10665,
            "seed": null
          },
          "sensitive_attributes": [],
          "private": "bnVsbA=="
        }
      ]
    }
  ]
}
